
Microsoft Visual Studio Solution File, Format Version 12.00
# Visual Studio Version 17
VisualStudioVersion = 17.2.32602.215
MinimumVisualStudioVersion = 10.0.40219.1
Project("{FAE04EC0-301F-11D3-BF4B-00C04F79EFBC}") = "WebApplication6", "WebApplication6\WebApplication6.csproj", "{D9D30C6D-E908-4FE3-9B94-9ECAAC137AE6}"
EndProject
Project("{FAE04EC0-301F-11D3-BF4B-00C04F79EFBC}") = "WebApplication5", "WebApplication5\WebApplication5.csproj", "{863A074B-82E4-411D-94B4-1B7B0AAAD5A3}"
EndProject
Project("{FAE04EC0-301F-11D3-BF4B-00C04F79EFBC}") = "WebApplicationWithMain", "WebApplicationWithMain\WebApplicationWithMain.csproj", "{7E804606-DA66-466E-AE53-133A2338E8F4}"
EndProject
Global
	GlobalSection(SolutionConfigurationPlatforms) = preSolution
		Debug|Any CPU = Debug|Any CPU
		Release|Any CPU = Release|Any CPU
	EndGlobalSection
	GlobalSection(ProjectConfigurationPlatforms) = postSolution
		{D9D30C6D-E908-4FE3-9B94-9ECAAC137AE6}.Debug|Any CPU.ActiveCfg = Debug|Any CPU
		{D9D30C6D-E908-4FE3-9B94-9ECAAC137AE6}.Debug|Any CPU.Build.0 = Debug|Any CPU
		{D9D30C6D-E908-4FE3-9B94-9ECAAC137AE6}.Release|Any CPU.ActiveCfg = Release|Any CPU
		{D9D30C6D-E908-4FE3-9B94-9ECAAC137AE6}.Release|Any CPU.Build.0 = Release|Any CPU
		{863A074B-82E4-411D-94B4-1B7B0AAAD5A3}.Debug|Any CPU.ActiveCfg = Debug|Any CPU
		{863A074B-82E4-411D-94B4-1B7B0AAAD5A3}.Debug|Any CPU.Build.0 = Debug|Any CPU
		{863A074B-82E4-411D-94B4-1B7B0AAAD5A3}.Release|Any CPU.ActiveCfg = Release|Any CPU
		{863A074B-82E4-411D-94B4-1B7B0AAAD5A3}.Release|Any CPU.Build.0 = Release|Any CPU
		{7E804606-DA66-466E-AE53-133A2338E8F4}.Debug|Any CPU.ActiveCfg = Debug|Any CPU
		{7E804606-DA66-466E-AE53-133A2338E8F4}.Debug|Any CPU.Build.0 = Debug|Any CPU
		{7E804606-DA66-466E-AE53-133A2338E8F4}.Release|Any CPU.ActiveCfg = Release|Any CPU
		{7E804606-DA66-466E-AE53-133A2338E8F4}.Release|Any CPU.Build.0 = Release|Any CPU
	EndGlobalSection
	GlobalSection(SolutionProperties) = preSolution
		HideSolutionNode = FALSE
	EndGlobalSection
	GlobalSection(ExtensibilityGlobals) = postSolution
		SolutionGuid = {144E23C5-F54B-42D8-8010-9DA4325E90D4}
	EndGlobalSection
EndGlobal
